
Microsoft Visual Studio Solution File, Format Version 12.00
# Visual Studio Version 16
VisualStudioVersion = 16.0.29806.167
MinimumVisualStudioVersion = 10.0.40219.1
Project("{8BC9CEB8-8B4A-11D0-8D11-00A0C91BC942}") = "The Lucky Goblin", "The Lucky Goblin\The Lucky Goblin.vcxproj", "{AF088044-66B1-45B1-BFE0-6AC22F3D3370}"
EndProject
Global
	GlobalSection(SolutionConfigurationPlatforms) = preSolution
		Debug|x64 = Debug|x64
		Release|x64 = Release|x64
	EndGlobalSection
	GlobalSection(ProjectConfigurationPlatforms) = postSolution
		{AF088044-66B1-45B1-BFE0-6AC22F3D3370}.Debug|x64.ActiveCfg = Debug|x64
		{AF088044-66B1-45B1-BFE0-6AC22F3D3370}.Debug|x64.Build.0 = Debug|x64
		{AF088044-66B1-45B1-BFE0-6AC22F3D3370}.Release|x64.ActiveCfg = Release|x64
		{AF088044-66B1-45B1-BFE0-6AC22F3D3370}.Release|x64.Build.0 = Release|x64
	EndGlobalSection
	GlobalSection(SolutionProperties) = preSolution
		HideSolutionNode = FALSE
	EndGlobalSection
	GlobalSection(ExtensibilityGlobals) = postSolution
		SolutionGuid = {C62FF229-B27F-4C9D-9A43-23310A1AFC4B}
	EndGlobalSection
EndGlobal
